{
  "lockfile_version": "1",
  "packages": {
    "bitwarden-cli@latest": {
      "last_modified": "2026-07-23T05:10:05Z",
      "resolved": "github:NixOS/nixpkgs/7525d999cd850b9a488817abc89c75dc733acf17#bitwarden-cli",
      "source": "devbox-search",
      "version": "2026.6.0",
      "systems": {
        "aarch64-darwin": {
          "outputs": [
            {
              "name": "out",
              "path": "/nix/store/g5nmix27b0v92dbbk8hix1ar8l1kinzy-bitwarden-cli-2026.6.0",
              "default": true
            }
          ],
          "store_path": "/nix/store/g5nmix27b0v92dbbk8hix1ar8l1kinzy-bitwarden-cli-2026.6.0"
        },
        "aarch64-linux": {
          "outputs": [
            {
              "name": "out",
              "path": "/nix/store/2xgy28qm0qkmbzjdcr9d07wma3d3mpbf-bitwarden-cli-2026.6.0",
              "default": true
            }
          ],
          "store_path": "/nix/store/2xgy28qm0qkmbzjdcr9d07wma3d3mpbf-bitwarden-cli-2026.6.0"
        },
        "x86_64-darwin": {
          "outputs": [
            {
              "name": "out",
              "path": "/nix/store/95lxns2wnlw73gq6vx0aihzaz7dgvf9j-bitwarden-cli-2026.6.0",
              "default": true
            }
          ],
          "store_path": "/nix/store/95lxns2wnlw73gq6vx0aihzaz7dgvf9j-bitwarden-cli-2026.6.0"
        },
        "x86_64-linux": {
          "outputs": [
            {
              "name": "out",
              "path": "/nix/store/8bkqm0h50304bwn8q939i9hh4h3wncpp-bitwarden-cli-2026.6.0",
              "default": true
            }
          ],
          "store_path": "/nix/store/8bkqm0h50304bwn8q939i9hh4h3wncpp-bitwarden-cli-2026.6.0"
        }
      }
    },
    "coreutils@latest": {
      "last_modified": "2026-08-01T16:34:20Z",
      "resolved": "github:NixOS/nixpkgs/a5cbcfe954791221bfffe2307f7d1a1bf61a871e#coreutils",
      "source": "devbox-search",
      "version": "9.11",
      "systems": {
        "aarch64-darwin": {
          "outputs": [
            {
              "name": "out",
              "path": "/nix/store/f0100xb3jh1wz822ngh721h898nqpwj7-coreutils-9.11",
              "default": true
            },
            {
              "name": "info",
              "path": "/nix/store/dbcgkq5rzijsfxzd8k39rkdb8rf1wf0s-coreutils-9.11-info"
            }
          ],
          "store_path": "/nix/store/f0100xb3jh1wz822ngh721h898nqpwj7-coreutils-9.11"
        },
        "aarch64-linux": {
          "outputs": [
            {
              "name": "out",
              "path": "/nix/store/p79fmimbb698sv4c135kbdwlhjcqpd3p-coreutils-9.11",
              "default": true
            },
            {
              "name": "debug",
              "path": "/nix/store/95qha5hcgfr3n1mxqqc53ijvs8h3vz90-coreutils-9.11-debug"
            },
            {
              "name": "info",
              "path": "/nix/store/sygh7ax8hnnmakyzr5kmmfn60yddc2il-coreutils-9.11-info"
            }
          ],
          "store_path": "/nix/store/p79fmimbb698sv4c135kbdwlhjcqpd3p-coreutils-9.11"
        },
        "x86_64-darwin": {
          "outputs": [
            {
              "name": "out",
              "path": "/nix/store/rg42k0h3hj1mwldhywll29n7m0kcpxq2-coreutils-9.11",
              "default": true
            },
            {
              "name": "info",
              "path": "/nix/store/8jc9262zif5m5gh6h5n1kbs5yrv594xn-coreutils-9.11-info"
            }
          ],
          "store_path": "/nix/store/rg42k0h3hj1mwldhywll29n7m0kcpxq2-coreutils-9.11"
        },
        "x86_64-linux": {
          "outputs": [
            {
              "name": "out",
              "path": "/nix/store/di26b1kkbammy0sj70nq5qzvfrh78wxl-coreutils-9.11",
              "default": true
            },
            {
              "name": "debug",
              "path": "/nix/store/5mpx87dpbzxk5js203akrn63q8zns9pc-coreutils-9.11-debug"
            },
            {
              "name": "info",
              "path": "/nix/store/ml2c8ssa5g8pm4xydjkx95nl0yqb4686-coreutils-9.11-info"
            }
          ],
          "store_path": "/nix/store/di26b1kkbammy0sj70nq5qzvfrh78wxl-coreutils-9.11"
        }
      }
    },
    "curl@latest": {
      "last_modified": "2025-12-05T15:03:55Z",
      "resolved": "github:NixOS/nixpkgs/a672be65651c80d3f592a89b3945466584a22069#curl",
      "source": "devbox-search",
      "version": "8.17.0",
      "systems": {
        "aarch64-darwin": {
          "outputs": [
            {
              "name": "bin",
              "path": "/nix/store/qfwqcndy8bji6xww0gizclf2nqi2qpph-curl-8.17.0-bin",
              "default": true
            },
            {
              "name": "man",
              "path": "/nix/store/rk815zvrhwzbi7c6d589v2mhxzyzb400-curl-8.17.0-man",
              "default": true
            },
            {
              "name": "dev",
              "path": "/nix/store/ydp55g2mbd6rk6lfw0krkk3jwgdiqj5d-curl-8.17.0-dev"
            },
            {
              "name": "devdoc",
              "path": "/nix/store/8s884m82fmrbiyz8malglqc4sd632dkc-curl-8.17.0-devdoc"
            },
            {
              "name": "out",
              "path": "/nix/store/yxv8fxaz0fyhc31dv3rz89kc50zw5hgj-curl-8.17.0"
            }
          ],
          "store_path": "/nix/store/qfwqcndy8bji6xww0gizclf2nqi2qpph-curl-8.17.0-bin"
        },
        "aarch64-linux": {
          "outputs": [
            {
              "name": "bin",
              "path": "/nix/store/4x19j6zihdl6pya63xs8g360f2r614sx-curl-8.17.0-bin",
              "default": true
            },
            {
              "name": "man",
              "path": "/nix/store/b29qbmbfvzkm34k0jnj8ykqg2gzj3rdy-curl-8.17.0-man",
              "default": true
            },
            {
              "name": "debug",
              "path": "/nix/store/5hmbdk99knmbg8b0fzh96bv6bkcf6v5i-curl-8.17.0-debug"
            },
            {
              "name": "dev",
              "path": "/nix/store/iqs9mjscns3h5npgkrhgr5xa7qzwd0si-curl-8.17.0-dev"
            },
            {
              "name": "devdoc",
              "path": "/nix/store/1fwncv08c8g78k3hj3cj375vx92ndrp8-curl-8.17.0-devdoc"
            },
            {
              "name": "out",
              "path": "/nix/store/b0a6qc92vybjiggh0kg387cg0zp3kl6j-curl-8.17.0"
            }
          ],
          "store_path": "/nix/store/4x19j6zihdl6pya63xs8g360f2r614sx-curl-8.17.0-bin"
        },
        "x86_64-darwin": {
          "outputs": [
            {
              "name": "bin",
              "path": "/nix/store/w2336wv560g1n58cwashmmczdn3bfkq1-curl-8.17.0-bin",
              "default": true
            },
            {
              "name": "man",
              "path": "/nix/store/i6xmhcan8g4abda7ivv20nvwxrsssjqj-curl-8.17.0-man",
              "default": true
            },
            {
              "name": "devdoc",
              "path": "/nix/store/ipa7v9z7pjcnnv0fmdya1fldcxv0a28z-curl-8.17.0-devdoc"
            },
            {
              "name": "out",
              "path": "/nix/store/x9gyg634fi8mgcyay9mqa1ral7xg72fm-curl-8.17.0"
            },
            {
              "name": "dev",
              "path": "/nix/store/39zfdgq9kg3mb4sycf8pj4pdssrzki6c-curl-8.17.0-dev"
            }
          ],
          "store_path": "/nix/store/w2336wv560g1n58cwashmmczdn3bfkq1-curl-8.17.0-bin"
        },
        "x86_64-linux": {
          "outputs": [
            {
              "name": "bin",
              "path": "/nix/store/0rfz69vp1nl0q2hxzig20hc60sk72z62-curl-8.17.0-bin",
              "default": true
            },
            {
              "name": "man",
              "path": "/nix/store/ijd0yybyzwm98d3q6x7a9cyixgxk0i5d-curl-8.17.0-man",
              "default": true
            },
            {
              "name": "debug",
              "path": "/nix/store/h1fxw0xrifxvbhcp7b8hxsgirxxxfzav-curl-8.17.0-debug"
            },
            {
              "name": "dev",
              "path": "/nix/store/ikmdk37frjdblkba3wl3xws2wwgln17x-curl-8.17.0-dev"
            },
            {
              "name": "devdoc",
              "path": "/nix/store/jm6irg81cc0hqg43l39lkxr6pb0w2xk5-curl-8.17.0-devdoc"
            },
            {
              "name": "out",
              "path": "/nix/store/8idis3j5l13c3x74jl8xly0k4qyk9mx6-curl-8.17.0"
            }
          ],
          "store_path": "/nix/store/0rfz69vp1nl0q2hxzig20hc60sk72z62-curl-8.17.0-bin"
        }
      }
    },
    "docker-client@latest": {
      "last_modified": "2026-07-23T13:11:22Z",
      "resolved": "github:NixOS/nixpkgs/6d12004108e0e4a5cfa4bd83b14477f040b15773#docker-client",
      "source": "devbox-search",
      "version": "29.6.2",
      "systems": {
        "aarch64-darwin": {
          "outputs": [
            {
              "name": "out",
              "path": "/nix/store/xyxq8s9w1p4jj6xxxqad7hgq4a77jlyr-docker-29.6.2",
              "default": true
            }
          ],
          "store_path": "/nix/store/xyxq8s9w1p4jj6xxxqad7hgq4a77jlyr-docker-29.6.2"
        },
        "aarch64-linux": {
          "outputs": [
            {
              "name": "out",
              "path": "/nix/store/10is7zkq9diwxra4qjz0faxxhf0dmzdf-docker-29.6.2",
              "default": true
            }
          ],
          "store_path": "/nix/store/10is7zkq9diwxra4qjz0faxxhf0dmzdf-docker-29.6.2"
        },
        "x86_64-linux": {
          "outputs": [
            {
              "name": "out",
              "path": "/nix/store/s83wpw0w3zzn3af8h2a8cgg9gypi6bkp-docker-29.6.2",
              "default": true
            }
          ],
          "store_path": "/nix/store/s83wpw0w3zzn3af8h2a8cgg9gypi6bkp-docker-29.6.2"
        }
      }
    },
    "flock@latest": {
      "last_modified": "2026-08-01T16:34:20Z",
      "resolved": "github:NixOS/nixpkgs/a5cbcfe954791221bfffe2307f7d1a1bf61a871e#flock",
      "source": "devbox-search",
      "version": "0.4.0",
      "systems": {
        "aarch64-darwin": {
          "outputs": [
            {
              "name": "out",
              "path": "/nix/store/jdj8g1i1kqccvh8spdnmwlh5cqbfwi0s-flock-0.4.0",
              "default": true
            }
          ],
          "store_path": "/nix/store/jdj8g1i1kqccvh8spdnmwlh5cqbfwi0s-flock-0.4.0"
        },
        "aarch64-linux": {
          "outputs": [
            {
              "name": "out",
              "path": "/nix/store/83mdy2y68588zx9xc8d754szwniq8mqn-flock-0.4.0",
              "default": true
            }
          ],
          "store_path": "/nix/store/83mdy2y68588zx9xc8d754szwniq8mqn-flock-0.4.0"
        },
        "x86_64-darwin": {
          "outputs": [
            {
              "name": "out",
              "path": "/nix/store/c860gfhaaxfc6g678hibibcgvw6ipaza-flock-0.4.0",
              "default": true
            }
          ],
          "store_path": "/nix/store/c860gfhaaxfc6g678hibibcgvw6ipaza-flock-0.4.0"
        },
        "x86_64-linux": {
          "outputs": [
            {
              "name": "out",
              "path": "/nix/store/hin1c6gj83qjniks5986p9zk0x2ynrmk-flock-0.4.0",
              "default": true
            }
          ],
          "store_path": "/nix/store/hin1c6gj83qjniks5986p9zk0x2ynrmk-flock-0.4.0"
        }
      }
    },
    "flyctl@latest": {
      "last_modified": "2026-07-23T05:10:05Z",
      "resolved": "github:NixOS/nixpkgs/7525d999cd850b9a488817abc89c75dc733acf17#flyctl",
      "source": "devbox-search",
      "version": "0.4.71",
      "systems": {
        "aarch64-darwin": {
          "outputs": [
            {
              "name": "out",
              "path": "/nix/store/y21n4c434hfqnn62xb00bq64nw7ak15b-flyctl-0.4.71",
              "default": true
            }
          ],
          "store_path": "/nix/store/y21n4c434hfqnn62xb00bq64nw7ak15b-flyctl-0.4.71"
        },
        "aarch64-linux": {
          "outputs": [
            {
              "name": "out",
              "path": "/nix/store/yirx7plg64kflqlqdkfp66lh60zl165v-flyctl-0.4.71",
              "default": true
            }
          ],
          "store_path": "/nix/store/yirx7plg64kflqlqdkfp66lh60zl165v-flyctl-0.4.71"
        },
        "x86_64-linux": {
          "outputs": [
            {
              "name": "out",
              "path": "/nix/store/ffrgka2nrnn4n8i2xz3qif9n6whnb9p2-flyctl-0.4.71",
              "default": true
            }
          ],
          "store_path": "/nix/store/ffrgka2nrnn4n8i2xz3qif9n6whnb9p2-flyctl-0.4.71"
        }
      }
    },
    "git@latest": {
      "last_modified": "2026-07-23T05:10:05Z",
      "resolved": "github:NixOS/nixpkgs/7525d999cd850b9a488817abc89c75dc733acf17#git",
      "source": "devbox-search",
      "version": "2.55.0",
      "systems": {
        "aarch64-darwin": {
          "outputs": [
            {
              "name": "out",
              "path": "/nix/store/mm146m54sdyyqlgn1vs1y2ha8qkqbq4d-git-2.55.0",
              "default": true
            },
            {
              "name": "doc",
              "path": "/nix/store/6zngfmnwj4f1i6y81sbp2ni3nfzbhapr-git-2.55.0-doc"
            }
          ],
          "store_path": "/nix/store/mm146m54sdyyqlgn1vs1y2ha8qkqbq4d-git-2.55.0"
        },
        "aarch64-linux": {
          "outputs": [
            {
              "name": "out",
              "path": "/nix/store/m5pr759k6l5w4pry4d96nk47hj8pq1fp-git-2.55.0",
              "default": true
            },
            {
              "name": "debug",
              "path": "/nix/store/3vz6cdc94ch6vyfvs2hsr3di4a112dcl-git-2.55.0-debug"
            },
            {
              "name": "doc",
              "path": "/nix/store/7i5h1q53czyr7pi9zv5ljdyi3x88w362-git-2.55.0-doc"
            }
          ],
          "store_path": "/nix/store/m5pr759k6l5w4pry4d96nk47hj8pq1fp-git-2.55.0"
        },
        "x86_64-linux": {
          "outputs": [
            {
              "name": "out",
              "path": "/nix/store/rq1vg974qcxzb9dazz9dbq2qm72r9fa4-git-2.55.0",
              "default": true
            },
            {
              "name": "debug",
              "path": "/nix/store/q36dlq816877n8is15shkyhcwp1d4va1-git-2.55.0-debug"
            },
            {
              "name": "doc",
              "path": "/nix/store/kbddl0iwydskifb753jn5zhzayazzfwm-git-2.55.0-doc"
            }
          ],
          "store_path": "/nix/store/rq1vg974qcxzb9dazz9dbq2qm72r9fa4-git-2.55.0"
        }
      }
    },
    "github:NixOS/nixpkgs/nixpkgs-unstable": {
      "last_modified": "2026-07-27T08:35:34Z",
      "resolved": "github:NixOS/nixpkgs/38a4887411571457d700c51c64a6e49ead2ed5ab?lastModified=1785141334&narHash=sha256-kh35kIx7el4Jk8Ki3BH9%2FPn1eZYSYLJ6LMALos0zOy0%3D"
    },
    "github:NixOS/nixpkgs/nixpkgs-unstable#beam28Packages.elixir_1_20": {
      "last_modified": "2026-07-27T08:35:34Z",
      "resolved": "github:NixOS/nixpkgs/38a4887411571457d700c51c64a6e49ead2ed5ab?lastModified=1785141334&narHash=sha256-kh35kIx7el4Jk8Ki3BH9%2FPn1eZYSYLJ6LMALos0zOy0%3D#beam28Packages.elixir_1_20"
    },
    "github:NixOS/nixpkgs/nixpkgs-unstable#beam28Packages.erlang": {
      "last_modified": "2026-07-27T08:35:34Z",
      "resolved": "github:NixOS/nixpkgs/38a4887411571457d700c51c64a6e49ead2ed5ab?lastModified=1785141334&narHash=sha256-kh35kIx7el4Jk8Ki3BH9%2FPn1eZYSYLJ6LMALos0zOy0%3D#beam28Packages.erlang"
    },
    "jq@latest": {
      "last_modified": "2026-07-23T05:10:05Z",
      "resolved": "github:NixOS/nixpkgs/7525d999cd850b9a488817abc89c75dc733acf17#jq",
      "source": "devbox-search",
      "version": "1.8.2",
      "systems": {
        "aarch64-darwin": {
          "outputs": [
            {
              "name": "bin",
              "path": "/nix/store/1fi2mymhcrnjf4cz0z69plamcdqfnary-jq-1.8.2-bin",
              "default": true
            },
            {
              "name": "man",
              "path": "/nix/store/yl5bdw2pcn90ldqq7r3siwv9wbbkwd8v-jq-1.8.2-man",
              "default": true
            },
            {
              "name": "dev",
              "path": "/nix/store/i8qqb6bphlk58b71077fmadwbq15f1fx-jq-1.8.2-dev"
            },
            {
              "name": "doc",
              "path": "/nix/store/g2j9dyv54j9cdil6ixmwhcmk9p1hs4p4-jq-1.8.2-doc"
            },
            {
              "name": "out",
              "path": "/nix/store/swk3im3b74m5mq3fz70liv0a41gq5bg9-jq-1.8.2"
            }
          ],
          "store_path": "/nix/store/1fi2mymhcrnjf4cz0z69plamcdqfnary-jq-1.8.2-bin"
        },
        "aarch64-linux": {
          "outputs": [
            {
              "name": "bin",
              "path": "/nix/store/l18as28b4wwqds62yqci9l8xhhdhf78l-jq-1.8.2-bin",
              "default": true
            },
            {
              "name": "man",
              "path": "/nix/store/d4213dzz6zg89ga8dbnia2hjbzdcrdfh-jq-1.8.2-man",
              "default": true
            },
            {
              "name": "dev",
              "path": "/nix/store/n82y4hrj0kzw66q0c630r72a2vkf21p8-jq-1.8.2-dev"
            },
            {
              "name": "doc",
              "path": "/nix/store/5dq5m09dlqhm2nxaxqqmffdhzy7sp809-jq-1.8.2-doc"
            },
            {
              "name": "out",
              "path": "/nix/store/97hmn17vbpx0l0wbi4jc6hwr3pyy2zz3-jq-1.8.2"
            }
          ],
          "store_path": "/nix/store/l18as28b4wwqds62yqci9l8xhhdhf78l-jq-1.8.2-bin"
        },
        "x86_64-linux": {
          "outputs": [
            {
              "name": "bin",
              "path": "/nix/store/qqd37kj25f68wxmr9rg05850y9daxbrp-jq-1.8.2-bin",
              "default": true
            },
            {
              "name": "man",
              "path": "/nix/store/9bgnz6r8fb7kk09dzz94wf13lkz2rbbq-jq-1.8.2-man",
              "default": true
            },
            {
              "name": "dev",
              "path": "/nix/store/k39ljkrhbwjb1mahd45zk2w4x34d1345-jq-1.8.2-dev"
            },
            {
              "name": "doc",
              "path": "/nix/store/gygm29lm9w8c392lrk5a94izcghnk0n4-jq-1.8.2-doc"
            },
            {
              "name": "out",
              "path": "/nix/store/s75d4pw16pipr7xqczdw3mg5950cr8mk-jq-1.8.2"
            }
          ],
          "store_path": "/nix/store/qqd37kj25f68wxmr9rg05850y9daxbrp-jq-1.8.2-bin"
        }
      }
    },
    "just@latest": {
      "last_modified": "2026-07-23T05:10:05Z",
      "resolved": "github:NixOS/nixpkgs/7525d999cd850b9a488817abc89c75dc733acf17#just",
      "source": "devbox-search",
      "version": "1.57.0",
      "systems": {
        "aarch64-darwin": {
          "outputs": [
            {
              "name": "out",
              "path": "/nix/store/197vj26rr8fsd93dzmwmwvjcqw7v24bk-just-1.57.0",
              "default": true
            },
            {
              "name": "man",
              "path": "/nix/store/0ff1nnr1rg6mnfmcprr9a4lg1ar7jby9-just-1.57.0-man",
              "default": true
            },
            {
              "name": "doc",
              "path": "/nix/store/jzbx2s1nzz7b9cinck1s0w54gr7g8q6x-just-1.57.0-doc"
            }
          ],
          "store_path": "/nix/store/197vj26rr8fsd93dzmwmwvjcqw7v24bk-just-1.57.0"
        },
        "aarch64-linux": {
          "outputs": [
            {
              "name": "out",
              "path": "/nix/store/ijj0f7avjl3lcahj3pq1prz32mcv1l8p-just-1.57.0",
              "default": true
            },
            {
              "name": "man",
              "path": "/nix/store/j5wx4dh05fp7gmziwv48j3n222iavl1j-just-1.57.0-man",
              "default": true
            },
            {
              "name": "doc",
              "path": "/nix/store/3a2icqfmckpph7a53rscxd70yzx13ai0-just-1.57.0-doc"
            }
          ],
          "store_path": "/nix/store/ijj0f7avjl3lcahj3pq1prz32mcv1l8p-just-1.57.0"
        },
        "x86_64-linux": {
          "outputs": [
            {
              "name": "out",
              "path": "/nix/store/70h070nb8c1l202a4gn58n6mxapbjhl9-just-1.57.0",
              "default": true
            },
            {
              "name": "man",
              "path": "/nix/store/5jqyaddlkly9bng1f3i2migfxp7fs7s0-just-1.57.0-man",
              "default": true
            },
            {
              "name": "doc",
              "path": "/nix/store/hazpa6bzrgc46bbf279wq15dasrid1hj-just-1.57.0-doc"
            }
          ],
          "store_path": "/nix/store/70h070nb8c1l202a4gn58n6mxapbjhl9-just-1.57.0"
        }
      }
    },
    "shellcheck@latest": {
      "last_modified": "2026-07-23T05:10:05Z",
      "resolved": "github:NixOS/nixpkgs/7525d999cd850b9a488817abc89c75dc733acf17#shellcheck",
      "source": "devbox-search",
      "version": "0.11.0",
      "systems": {
        "aarch64-darwin": {
          "outputs": [
            {
              "name": "bin",
              "path": "/nix/store/wh8gg40x023xn9n0rgsil9r2l95wbavi-shellcheck-0.11.0-bin",
              "default": true
            },
            {
              "name": "man",
              "path": "/nix/store/z6y07qmh1djgjqny0bjgyr6rhld9xwn9-shellcheck-0.11.0-man",
              "default": true
            },
            {
              "name": "doc",
              "path": "/nix/store/5012amxy82f9b2d6pxyspc2sk8mprvcy-shellcheck-0.11.0-doc",
              "default": true
            },
            {
              "name": "out",
              "path": "/nix/store/lifq4m2zckqx8la1y93sa9jbppaywk8a-shellcheck-0.11.0"
            }
          ],
          "store_path": "/nix/store/wh8gg40x023xn9n0rgsil9r2l95wbavi-shellcheck-0.11.0-bin"
        },
        "aarch64-linux": {
          "outputs": [
            {
              "name": "bin",
              "path": "/nix/store/9b1ggvsx71aavzf3sg1s3pkjjfl776pa-shellcheck-0.11.0-bin",
              "default": true
            },
            {
              "name": "man",
              "path": "/nix/store/6sgxmiifwgfpnaddg11k73p4cq71xcrn-shellcheck-0.11.0-man",
              "default": true
            },
            {
              "name": "doc",
              "path": "/nix/store/4mbdk0nkfiva25q3v4j85vs91ixaix3b-shellcheck-0.11.0-doc",
              "default": true
            },
            {
              "name": "out",
              "path": "/nix/store/zgly4zva6wjzvdp6d599s552ibkwczv4-shellcheck-0.11.0"
            }
          ],
          "store_path": "/nix/store/9b1ggvsx71aavzf3sg1s3pkjjfl776pa-shellcheck-0.11.0-bin"
        },
        "x86_64-darwin": {
          "outputs": [
            {
              "name": "bin",
              "path": "/nix/store/68yldspq5p1gxa79ghprb1njskk36ax2-shellcheck-0.11.0-bin",
              "default": true
            },
            {
              "name": "man",
              "path": "/nix/store/90d8x14kmdq8fa12d5azjwdnp4z55q8b-shellcheck-0.11.0-man",
              "default": true
            },
            {
              "name": "doc",
              "path": "/nix/store/4sk9v7wwdh2sia6wi3rknvvvm52wqg6r-shellcheck-0.11.0-doc",
              "default": true
            },
            {
              "name": "out",
              "path": "/nix/store/crl9a7fkfbpjbzgwj5nwpj57bmj7z940-shellcheck-0.11.0"
            }
          ],
          "store_path": "/nix/store/68yldspq5p1gxa79ghprb1njskk36ax2-shellcheck-0.11.0-bin"
        },
        "x86_64-linux": {
          "outputs": [
            {
              "name": "bin",
              "path": "/nix/store/9phb1flallb4fw685dlblzbqrh9qkphi-shellcheck-0.11.0-bin",
              "default": true
            },
            {
              "name": "man",
              "path": "/nix/store/jkp411xmhm8nqvxykjzfiz303fw6sshx-shellcheck-0.11.0-man",
              "default": true
            },
            {
              "name": "doc",
              "path": "/nix/store/8qq3p694mapmadi98dgcp4ig88lqpfq0-shellcheck-0.11.0-doc",
              "default": true
            },
            {
              "name": "out",
              "path": "/nix/store/34m1q0dfl1fxsakh63678ni2qndgy8mg-shellcheck-0.11.0"
            }
          ],
          "store_path": "/nix/store/9phb1flallb4fw685dlblzbqrh9qkphi-shellcheck-0.11.0-bin"
        }
      }
    },
    "shfmt@latest": {
      "last_modified": "2026-07-23T05:10:05Z",
      "resolved": "github:NixOS/nixpkgs/7525d999cd850b9a488817abc89c75dc733acf17#shfmt",
      "source": "devbox-search",
      "version": "3.13.1",
      "systems": {
        "aarch64-darwin": {
          "outputs": [
            {
              "name": "out",
              "path": "/nix/store/qfvdnak211jn0lykq68srs92br9wliyn-shfmt-3.13.1",
              "default": true
            }
          ],
          "store_path": "/nix/store/qfvdnak211jn0lykq68srs92br9wliyn-shfmt-3.13.1"
        },
        "aarch64-linux": {
          "outputs": [
            {
              "name": "out",
              "path": "/nix/store/ix9sidvn1m5rig7yrf1zn7hzwcdfhrgs-shfmt-3.13.1",
              "default": true
            }
          ],
          "store_path": "/nix/store/ix9sidvn1m5rig7yrf1zn7hzwcdfhrgs-shfmt-3.13.1"
        },
        "x86_64-darwin": {
          "outputs": [
            {
              "name": "out",
              "path": "/nix/store/hqsdrlfqs8f1lg6m5c0av219sjpwfai9-shfmt-3.13.1",
              "default": true
            }
          ],
          "store_path": "/nix/store/hqsdrlfqs8f1lg6m5c0av219sjpwfai9-shfmt-3.13.1"
        },
        "x86_64-linux": {
          "outputs": [
            {
              "name": "out",
              "path": "/nix/store/mx7xigiy9d40zdk4ijd5vk9k1l8qi29r-shfmt-3.13.1",
              "default": true
            }
          ],
          "store_path": "/nix/store/mx7xigiy9d40zdk4ijd5vk9k1l8qi29r-shfmt-3.13.1"
        }
      }
    },
    "sqlite-interactive@latest": {
      "last_modified": "2026-08-08T22:24:59Z",
      "resolved": "github:NixOS/nixpkgs/fe6deff5fad4a42d0e08d2bab3f2d6c7c88f3fe5#sqlite-interactive",
      "source": "devbox-search",
      "version": "3.53.3",
      "systems": {
        "aarch64-darwin": {
          "outputs": [
            {
              "name": "bin",
              "path": "/nix/store/4vyxgjk703vimyvbij1hn550k0fynhnz-sqlite-interactive-3.53.3-bin",
              "default": true
            },
            {
              "name": "man",
              "path": "/nix/store/71g7czwc1y722qw17xin0mhx94qmnipk-sqlite-interactive-3.53.3-man",
              "default": true
            },
            {
              "name": "dev",
              "path": "/nix/store/rz05zd7hpbykz4vpnf8fzvjnzzdmkngx-sqlite-interactive-3.53.3-dev"
            },
            {
              "name": "doc",
              "path": "/nix/store/1zbddncng4m3acrvabk7wkmnizrk7n0i-sqlite-interactive-3.53.3-doc"
            },
            {
              "name": "out",
              "path": "/nix/store/5xz6gsaiflkjjzxz86f7qjjsysnakkn5-sqlite-interactive-3.53.3"
            }
          ],
          "store_path": "/nix/store/4vyxgjk703vimyvbij1hn550k0fynhnz-sqlite-interactive-3.53.3-bin"
        },
        "aarch64-linux": {
          "outputs": [
            {
              "name": "bin",
              "path": "/nix/store/mpng6yhvz87badsmb0szm4lkclc3s7ap-sqlite-interactive-3.53.3-bin",
              "default": true
            },
            {
              "name": "man",
              "path": "/nix/store/hvd133z27hpfszh8va9yvbg9wglj5kjk-sqlite-interactive-3.53.3-man",
              "default": true
            },
            {
              "name": "out",
              "path": "/nix/store/axvyjakygcsj1fpq9rgfq96y0ab5qnj9-sqlite-interactive-3.53.3"
            },
            {
              "name": "debug",
              "path": "/nix/store/dkfkhb9b3hyp76ihg6ask0nhfac8a1cs-sqlite-interactive-3.53.3-debug"
            },
            {
              "name": "dev",
              "path": "/nix/store/jnzj8q4n14v1wfvzq6kqyjr9ky7slz91-sqlite-interactive-3.53.3-dev"
            },
            {
              "name": "doc",
              "path": "/nix/store/xxidn9mvcx7ghlgdl6jfm41bq9wwbhvz-sqlite-interactive-3.53.3-doc"
            }
          ],
          "store_path": "/nix/store/mpng6yhvz87badsmb0szm4lkclc3s7ap-sqlite-interactive-3.53.3-bin"
        },
        "x86_64-linux": {
          "outputs": [
            {
              "name": "bin",
              "path": "/nix/store/m8v420vz6dzwangph797b4bb8fkwfvb4-sqlite-interactive-3.53.3-bin",
              "default": true
            },
            {
              "name": "man",
              "path": "/nix/store/n5yyy92m6cskavk24c3jjaliczy3jfbn-sqlite-interactive-3.53.3-man",
              "default": true
            },
            {
              "name": "debug",
              "path": "/nix/store/0di7qr6avzb5hqj6wdfv4k8ld9c4l0my-sqlite-interactive-3.53.3-debug"
            },
            {
              "name": "dev",
              "path": "/nix/store/664qb6ygmjxif0ccm3fg0iraxrbbbbd0-sqlite-interactive-3.53.3-dev"
            },
            {
              "name": "doc",
              "path": "/nix/store/sjbhx5c08y9s2kanp0r1d86zkpvgr034-sqlite-interactive-3.53.3-doc"
            },
            {
              "name": "out",
              "path": "/nix/store/2aslkhza1llbp4ng7xnw9zzma6v4jjc4-sqlite-interactive-3.53.3"
            }
          ],
          "store_path": "/nix/store/m8v420vz6dzwangph797b4bb8fkwfvb4-sqlite-interactive-3.53.3-bin"
        }
      }
    }
  }
}
